
Microsoft Visual Studio Solution File, Format Version 12.00
# Visual Studio Version 16
VisualStudioVersion = 16.0.31605.320
MinimumVisualStudioVersion = 10.0.40219.1
Project("{FAE04EC0-301F-11D3-BF4B-00C04F79EFBC}") = "Sakk", "Sakk\Sakk.csproj", "{47EDBCF9-81EB-430C-9C05-D2CED97ACC1B}"
EndProject
Global
	GlobalSection(SolutionConfigurationPlatforms) = preSolution
		Debug|Any CPU = Debug|Any CPU
		Release|Any CPU = Release|Any CPU
	EndGlobalSection
	GlobalSection(ProjectConfigurationPlatforms) = postSolution
		{47EDBCF9-81EB-430C-9C05-D2CED97ACC1B}.Debug|Any CPU.ActiveCfg = Debug|Any CPU
		{47EDBCF9-81EB-430C-9C05-D2CED97ACC1B}.Debug|Any CPU.Build.0 = Debug|Any CPU
		{47EDBCF9-81EB-430C-9C05-D2CED97ACC1B}.Release|Any CPU.ActiveCfg = Release|Any CPU
		{47EDBCF9-81EB-430C-9C05-D2CED97ACC1B}.Release|Any CPU.Build.0 = Release|Any CPU
	EndGlobalSection
	GlobalSection(SolutionProperties) = preSolution
		HideSolutionNode = FALSE
	EndGlobalSection
	GlobalSection(ExtensibilityGlobals) = postSolution
		SolutionGuid = {175FB324-3578-420F-8F7D-8648A882D5D6}
	EndGlobalSection
EndGlobal
